
Microsoft Visual Studio Solution File, Format Version 12.00
# Visual Studio Version 16
VisualStudioVersion = 16.0.29215.179
MinimumVisualStudioVersion = 10.0.40219.1
Project("{2150E333-8FDC-42A3-9474-1A3956D46DE8}") = "SQLServer", "SQLServer", "{87319AF5-7C40-4362-B67C-35F9DD737DB4}"
	ProjectSection(SolutionItems) = preProject
		db\SqlServer\InitData.sql = db\SqlServer\InitData.sql
		db\SqlServer\install.ps1 = db\SqlServer\install.ps1
		db\SqlServer\Install.sql = db\SqlServer\Install.sql
	EndProjectSection
EndProject
Project("{9A19103F-16F7-4668-BE54-9A1E7A4F7556}") = "Bootstrap.Admin", "src\admin\Bootstrap.Admin\Bootstrap.Admin.csproj", "{7B2B7043-3CB2-4C5A-BDF2-8C47F1A5471A}"
EndProject
Project("{2150E333-8FDC-42A3-9474-1A3956D46DE8}") = "db", "db", "{586410F2-C1F0-47CD-AB28-2CF506DED2C8}"
EndProject
Project("{9A19103F-16F7-4668-BE54-9A1E7A4F7556}") = "Bootstrap.Client", "src\client\Bootstrap.Client\Bootstrap.Client.csproj", "{C82A6E45-AB90-43D1-8429-5CBE953D8151}"
EndProject
Project("{2150E333-8FDC-42A3-9474-1A3956D46DE8}") = "client", "client", "{C7F51A14-2D89-4D1F-AD78-C42B79AB0BF0}"
EndProject
Project("{9A19103F-16F7-4668-BE54-9A1E7A4F7556}") = "Bootstrap.DataAccess", "src\admin\Bootstrap.DataAccess\Bootstrap.DataAccess.csproj", "{8D62BE79-BE13-43C8-969B-C9B00B3C84B7}"
EndProject
Project("{2150E333-8FDC-42A3-9474-1A3956D46DE8}") = "SQLite", "SQLite", "{523515EC-2AD7-4282-9AF4-9D20371183B0}"
	ProjectSection(SolutionItems) = preProject
		db\SQLite\InitData.sql = db\SQLite\InitData.sql
		db\SQLite\Install.sql = db\SQLite\Install.sql
	EndProjectSection
EndProject
Project("{9A19103F-16F7-4668-BE54-9A1E7A4F7556}") = "Bootstrap.DataAccess.MongoDB", "src\admin\Bootstrap.DataAccess.MongoDB\Bootstrap.DataAccess.MongoDB.csproj", "{8336F096-4B4A-4710-A1FA-0F5E44CD8D26}"
EndProject
Project("{2150E333-8FDC-42A3-9474-1A3956D46DE8}") = "MongoDB", "MongoDB", "{A06A0AD8-A246-4329-B024-7174AE4A3EDE}"
	ProjectSection(SolutionItems) = preProject
		db\MongoDB\Dicts.js = db\MongoDB\Dicts.js
		db\MongoDB\Groups.js = db\MongoDB\Groups.js
		db\MongoDB\init.js = db\MongoDB\init.js
		db\MongoDB\install.ps1 = db\MongoDB\install.ps1
		db\MongoDB\install.sh = db\MongoDB\install.sh
		db\MongoDB\Navigations.js = db\MongoDB\Navigations.js
		db\MongoDB\Roles.js = db\MongoDB\Roles.js
		db\MongoDB\Users.js = db\MongoDB\Users.js
	EndProjectSection
EndProject
Project("{2150E333-8FDC-42A3-9474-1A3956D46DE8}") = "MySQL", "MySQL", "{084E2E94-6B7D-4D3E-9BF1-6972427FBF80}"
	ProjectSection(SolutionItems) = preProject
		db\MySQL\initData.sql = db\MySQL\initData.sql
		db\MySQL\install.ps1 = db\MySQL\install.ps1
		db\MySQL\install.sh = db\MySQL\install.sh
		db\MySQL\install.sql = db\MySQL\install.sql
		db\MySQL\my.ini = db\MySQL\my.ini
	EndProjectSection
EndProject
Project("{9A19103F-16F7-4668-BE54-9A1E7A4F7556}") = "UnitTest", "test\UnitTest\UnitTest.csproj", "{CFE75C48-F9D5-403A-8419-D07939BBD769}"
EndProject
Project("{2150E333-8FDC-42A3-9474-1A3956D46DE8}") = "Postgresql", "Postgresql", "{6F61C2AC-84D4-48A9-8A48-680657CC8175}"
	ProjectSection(SolutionItems) = preProject
		db\Postgresql\initData.sql = db\Postgresql\initData.sql
		db\Postgresql\install.sql = db\Postgresql\install.sql
	EndProjectSection
EndProject
Project("{9A19103F-16F7-4668-BE54-9A1E7A4F7556}") = "Bootstrap.Client.DataAccess", "src\client\Bootstrap.Client.DataAccess\Bootstrap.Client.DataAccess.csproj", "{843811A2-FE49-410F-BF9F-9F1FB14A1DEE}"
EndProject
Project("{9A19103F-16F7-4668-BE54-9A1E7A4F7556}") = "Bootstrap.Client.DataAccess.MongoDB", "src\client\Bootstrap.Client.DataAccess.MongoDB\Bootstrap.Client.DataAccess.MongoDB.csproj", "{BC1C6D63-ADA9-4C3B-89F0-CEB191A86BF5}"
EndProject
Project("{2150E333-8FDC-42A3-9474-1A3956D46DE8}") = "test", "test", "{6AD32A76-F3AA-423E-96EA-E5CC679934D1}"
EndProject
Project("{2150E333-8FDC-42A3-9474-1A3956D46DE8}") = "src", "src", "{41B6D37A-5E5E-42B3-85E4-D81A81E3D757}"
EndProject
Project("{2150E333-8FDC-42A3-9474-1A3956D46DE8}") = "admin", "admin", "{E03B7391-B52F-4449-B400-5CD9DE01F085}"
EndProject
Project("{2150E333-8FDC-42A3-9474-1A3956D46DE8}") = "docs", "docs", "{E057452E-00EB-4C46-9F8D-14096AAE8148}"
	ProjectSection(SolutionItems) = preProject
		README.md = README.md
		README.zh-CN.md = README.zh-CN.md
	EndProjectSection
EndProject
Project("{2150E333-8FDC-42A3-9474-1A3956D46DE8}") = "docker", "docker", "{85574E7C-7D58-4135-AB4B-76678552D271}"
	ProjectSection(SolutionItems) = preProject
		src\admin\Bootstrap.Admin\Dockerfile = src\admin\Bootstrap.Admin\Dockerfile
		src\admin\Bootstrap.Admin\Linux.Dockerfile = src\admin\Bootstrap.Admin\Linux.Dockerfile
	EndProjectSection
EndProject
Project("{2150E333-8FDC-42A3-9474-1A3956D46DE8}") = "srcipts", "srcipts", "{72C103DB-E1D3-449F-97C2-DF12CA111FD4}"
EndProject
Project("{2150E333-8FDC-42A3-9474-1A3956D46DE8}") = "win", "win", "{C6F2DCA0-7941-4C28-9328-2D495F5DCB00}"
	ProjectSection(SolutionItems) = preProject
		scripts\windows\publish-admin.cmd = scripts\windows\publish-admin.cmd
		scripts\windows\publish-client.cmd = scripts\windows\publish-client.cmd
		scripts\windows\watch-run-admin.cmd = scripts\windows\watch-run-admin.cmd
		scripts\windows\watch-run-client.cmd = scripts\windows\watch-run-client.cmd
	EndProjectSection
EndProject
Project("{2150E333-8FDC-42A3-9474-1A3956D46DE8}") = "linux", "linux", "{FDCFC3E3-14CF-40B2-9FE5-5BC239AAC110}"
	ProjectSection(SolutionItems) = preProject
		scripts\linux\deploy-admin.sh = scripts\linux\deploy-admin.sh
		scripts\linux\deploy-client.sh = scripts\linux\deploy-client.sh
		scripts\linux\init.sh = scripts\linux\init.sh
		scripts\linux\publish-admin.sh = scripts\linux\publish-admin.sh
		scripts\linux\publish-client.sh = scripts\linux\publish-client.sh
		scripts\linux\watch-run-admin.sh = scripts\linux\watch-run-admin.sh
		scripts\linux\watch-run-client.sh = scripts\linux\watch-run-client.sh
	EndProjectSection
EndProject
Project("{2150E333-8FDC-42A3-9474-1A3956D46DE8}") = "appveyor", "appveyor", "{5F732D4E-133B-4DA6-811B-C369CDC3FB89}"
	ProjectSection(SolutionItems) = preProject
		scripts\appveyor\appveyor.build.ps1 = scripts\appveyor\appveyor.build.ps1
		scripts\appveyor\appveyor.install.ps1 = scripts\appveyor\appveyor.install.ps1
		scripts\appveyor\appveyor.test.ps1 = scripts\appveyor\appveyor.test.ps1
		appveyor.yml = appveyor.yml
	EndProjectSection
EndProject
Project("{2150E333-8FDC-42A3-9474-1A3956D46DE8}") = "services", "services", "{68F7C160-3FB2-4129-8F89-96F78B2DA0A9}"
	ProjectSection(SolutionItems) = preProject
		scripts\linux\services\ba.admin.service = scripts\linux\services\ba.admin.service
		scripts\linux\services\ba.client.service = scripts\linux\services\ba.client.service
		scripts\linux\services\nginx.service = scripts\linux\services\nginx.service
	EndProjectSection
EndProject
Project("{2150E333-8FDC-42A3-9474-1A3956D46DE8}") = "Oracle", "Oracle", "{41E078CA-F005-4B66-B440-FD7EB731AD61}"
	ProjectSection(SolutionItems) = preProject
		db\Oracle\InitData.sql = db\Oracle\InitData.sql
		db\Oracle\Install.sql = db\Oracle\Install.sql
	EndProjectSection
EndProject
Project("{2150E333-8FDC-42A3-9474-1A3956D46DE8}") = "git", "git", "{64EACBD1-23DD-4168-BEED-55D47DB1A8BB}"
	ProjectSection(SolutionItems) = preProject
		scripts\git\commit_msg_template.txt = scripts\git\commit_msg_template.txt
		scripts\git\readme.md = scripts\git\readme.md
		scripts\git\run.cmd = scripts\git\run.cmd
		scripts\git\run.sh = scripts\git\run.sh
	EndProjectSection
EndProject
Project("{2150E333-8FDC-42A3-9474-1A3956D46DE8}") = "blazor", "blazor", "{DAE3826B-AAAB-468A-9A06-2F56EF5C0767}"
EndProject
Project("{9A19103F-16F7-4668-BE54-9A1E7A4F7556}") = "Bootstrap.Client.Blazor", "src\blazor\Bootstrap.Client.Blazor\Bootstrap.Client.Blazor.csproj", "{90BC5C25-0F93-4CDE-833C-3D8243E19D3B}"
EndProject
Project("{9A19103F-16F7-4668-BE54-9A1E7A4F7556}") = "Bootstrap.Client.Blazor.Shared", "src\blazor\Bootstrap.Client.Blazor.Shared\Bootstrap.Client.Blazor.Shared.csproj", "{B306BD58-1C73-40F2-86F7-E1763344007B}"
EndProject
Global
	GlobalSection(SolutionConfigurationPlatforms) = preSolution
		Debug|Any CPU = Debug|Any CPU
		Release|Any CPU = Release|Any CPU
	EndGlobalSection
	GlobalSection(ProjectConfigurationPlatforms) = postSolution
		{7B2B7043-3CB2-4C5A-BDF2-8C47F1A5471A}.Debug|Any CPU.ActiveCfg = Debug|Any CPU
		{7B2B7043-3CB2-4C5A-BDF2-8C47F1A5471A}.Debug|Any CPU.Build.0 = Debug|Any CPU
		{7B2B7043-3CB2-4C5A-BDF2-8C47F1A5471A}.Release|Any CPU.ActiveCfg = Release|Any CPU
		{7B2B7043-3CB2-4C5A-BDF2-8C47F1A5471A}.Release|Any CPU.Build.0 = Release|Any CPU
		{C82A6E45-AB90-43D1-8429-5CBE953D8151}.Debug|Any CPU.ActiveCfg = Debug|Any CPU
		{C82A6E45-AB90-43D1-8429-5CBE953D8151}.Debug|Any CPU.Build.0 = Debug|Any CPU
		{C82A6E45-AB90-43D1-8429-5CBE953D8151}.Release|Any CPU.ActiveCfg = Release|Any CPU
		{C82A6E45-AB90-43D1-8429-5CBE953D8151}.Release|Any CPU.Build.0 = Release|Any CPU
		{8D62BE79-BE13-43C8-969B-C9B00B3C84B7}.Debug|Any CPU.ActiveCfg = Debug|Any CPU
		{8D62BE79-BE13-43C8-969B-C9B00B3C84B7}.Debug|Any CPU.Build.0 = Debug|Any CPU
		{8D62BE79-BE13-43C8-969B-C9B00B3C84B7}.Release|Any CPU.ActiveCfg = Release|Any CPU
		{8D62BE79-BE13-43C8-969B-C9B00B3C84B7}.Release|Any CPU.Build.0 = Release|Any CPU
		{8336F096-4B4A-4710-A1FA-0F5E44CD8D26}.Debug|Any CPU.ActiveCfg = Debug|Any CPU
		{8336F096-4B4A-4710-A1FA-0F5E44CD8D26}.Debug|Any CPU.Build.0 = Debug|Any CPU
		{8336F096-4B4A-4710-A1FA-0F5E44CD8D26}.Release|Any CPU.ActiveCfg = Release|Any CPU
		{8336F096-4B4A-4710-A1FA-0F5E44CD8D26}.Release|Any CPU.Build.0 = Release|Any CPU
		{CFE75C48-F9D5-403A-8419-D07939BBD769}.Debug|Any CPU.ActiveCfg = Debug|Any CPU
		{CFE75C48-F9D5-403A-8419-D07939BBD769}.Debug|Any CPU.Build.0 = Debug|Any CPU
		{CFE75C48-F9D5-403A-8419-D07939BBD769}.Release|Any CPU.ActiveCfg = Release|Any CPU
		{CFE75C48-F9D5-403A-8419-D07939BBD769}.Release|Any CPU.Build.0 = Release|Any CPU
		{843811A2-FE49-410F-BF9F-9F1FB14A1DEE}.Debug|Any CPU.ActiveCfg = Debug|Any CPU
		{843811A2-FE49-410F-BF9F-9F1FB14A1DEE}.Debug|Any CPU.Build.0 = Debug|Any CPU
		{843811A2-FE49-410F-BF9F-9F1FB14A1DEE}.Release|Any CPU.ActiveCfg = Release|Any CPU
		{843811A2-FE49-410F-BF9F-9F1FB14A1DEE}.Release|Any CPU.Build.0 = Release|Any CPU
		{BC1C6D63-ADA9-4C3B-89F0-CEB191A86BF5}.Debug|Any CPU.ActiveCfg = Debug|Any CPU
		{BC1C6D63-ADA9-4C3B-89F0-CEB191A86BF5}.Debug|Any CPU.Build.0 = Debug|Any CPU
		{BC1C6D63-ADA9-4C3B-89F0-CEB191A86BF5}.Release|Any CPU.ActiveCfg = Release|Any CPU
		{BC1C6D63-ADA9-4C3B-89F0-CEB191A86BF5}.Release|Any CPU.Build.0 = Release|Any CPU
		{90BC5C25-0F93-4CDE-833C-3D8243E19D3B}.Debug|Any CPU.ActiveCfg = Debug|Any CPU
		{90BC5C25-0F93-4CDE-833C-3D8243E19D3B}.Debug|Any CPU.Build.0 = Debug|Any CPU
		{90BC5C25-0F93-4CDE-833C-3D8243E19D3B}.Release|Any CPU.ActiveCfg = Release|Any CPU
		{90BC5C25-0F93-4CDE-833C-3D8243E19D3B}.Release|Any CPU.Build.0 = Release|Any CPU
		{B306BD58-1C73-40F2-86F7-E1763344007B}.Debug|Any CPU.ActiveCfg = Debug|Any CPU
		{B306BD58-1C73-40F2-86F7-E1763344007B}.Debug|Any CPU.Build.0 = Debug|Any CPU
		{B306BD58-1C73-40F2-86F7-E1763344007B}.Release|Any CPU.ActiveCfg = Release|Any CPU
		{B306BD58-1C73-40F2-86F7-E1763344007B}.Release|Any CPU.Build.0 = Release|Any CPU
	EndGlobalSection
	GlobalSection(SolutionProperties) = preSolution
		HideSolutionNode = FALSE
	EndGlobalSection
	GlobalSection(NestedProjects) = preSolution
		{87319AF5-7C40-4362-B67C-35F9DD737DB4} = {586410F2-C1F0-47CD-AB28-2CF506DED2C8}
		{7B2B7043-3CB2-4C5A-BDF2-8C47F1A5471A} = {E03B7391-B52F-4449-B400-5CD9DE01F085}
		{C82A6E45-AB90-43D1-8429-5CBE953D8151} = {C7F51A14-2D89-4D1F-AD78-C42B79AB0BF0}
		{C7F51A14-2D89-4D1F-AD78-C42B79AB0BF0} = {41B6D37A-5E5E-42B3-85E4-D81A81E3D757}
		{8D62BE79-BE13-43C8-969B-C9B00B3C84B7} = {E03B7391-B52F-4449-B400-5CD9DE01F085}
		{523515EC-2AD7-4282-9AF4-9D20371183B0} = {586410F2-C1F0-47CD-AB28-2CF506DED2C8}
		{8336F096-4B4A-4710-A1FA-0F5E44CD8D26} = {E03B7391-B52F-4449-B400-5CD9DE01F085}
		{A06A0AD8-A246-4329-B024-7174AE4A3EDE} = {586410F2-C1F0-47CD-AB28-2CF506DED2C8}
		{084E2E94-6B7D-4D3E-9BF1-6972427FBF80} = {586410F2-C1F0-47CD-AB28-2CF506DED2C8}
		{CFE75C48-F9D5-403A-8419-D07939BBD769} = {6AD32A76-F3AA-423E-96EA-E5CC679934D1}
		{6F61C2AC-84D4-48A9-8A48-680657CC8175} = {586410F2-C1F0-47CD-AB28-2CF506DED2C8}
		{843811A2-FE49-410F-BF9F-9F1FB14A1DEE} = {C7F51A14-2D89-4D1F-AD78-C42B79AB0BF0}
		{BC1C6D63-ADA9-4C3B-89F0-CEB191A86BF5} = {C7F51A14-2D89-4D1F-AD78-C42B79AB0BF0}
		{E03B7391-B52F-4449-B400-5CD9DE01F085} = {41B6D37A-5E5E-42B3-85E4-D81A81E3D757}
		{C6F2DCA0-7941-4C28-9328-2D495F5DCB00} = {72C103DB-E1D3-449F-97C2-DF12CA111FD4}
		{FDCFC3E3-14CF-40B2-9FE5-5BC239AAC110} = {72C103DB-E1D3-449F-97C2-DF12CA111FD4}
		{5F732D4E-133B-4DA6-811B-C369CDC3FB89} = {72C103DB-E1D3-449F-97C2-DF12CA111FD4}
		{68F7C160-3FB2-4129-8F89-96F78B2DA0A9} = {FDCFC3E3-14CF-40B2-9FE5-5BC239AAC110}
		{41E078CA-F005-4B66-B440-FD7EB731AD61} = {586410F2-C1F0-47CD-AB28-2CF506DED2C8}
		{64EACBD1-23DD-4168-BEED-55D47DB1A8BB} = {72C103DB-E1D3-449F-97C2-DF12CA111FD4}
		{DAE3826B-AAAB-468A-9A06-2F56EF5C0767} = {41B6D37A-5E5E-42B3-85E4-D81A81E3D757}
		{90BC5C25-0F93-4CDE-833C-3D8243E19D3B} = {DAE3826B-AAAB-468A-9A06-2F56EF5C0767}
		{B306BD58-1C73-40F2-86F7-E1763344007B} = {DAE3826B-AAAB-468A-9A06-2F56EF5C0767}
	EndGlobalSection
	GlobalSection(ExtensibilityGlobals) = postSolution
		SolutionGuid = {221EAE38-5F75-4391-9A48-E462A9F3B8FC}
	EndGlobalSection
EndGlobal
